// !$*UTF8*$!
{
	archiveVersion = 1;
	classes = {
	};
	objectVersion = 70;
	objects = {

/* Begin PBXBuildFile section */
		283387512EC586D000D32FAD /* WebViewPresenter.swift in Sources */ = {isa = PBXBuildFile; fileRef = 283387502EC586D000D32FAD /* WebViewPresenter.swift */; };
		283387532EC586D300D32FAD /* AuthHelper.swift in Sources */ = {isa = PBXBuildFile; fileRef = 283387522EC586D300D32FAD /* AuthHelper.swift */; };
		283387552EC5873200D32FAD /* ImagesListViewPresenter.swift in Sources */ = {isa = PBXBuildFile; fileRef = 283387542EC5873200D32FAD /* ImagesListViewPresenter.swift */; };
		283387572EC5879900D32FAD /* ProfileViewPresenter.swift in Sources */ = {isa = PBXBuildFile; fileRef = 283387562EC5879900D32FAD /* ProfileViewPresenter.swift */; };
		287EBAD52EC27592005C9744 /* ImagesListService.swift in Sources */ = {isa = PBXBuildFile; fileRef = 287EBAD42EC27592005C9744 /* ImagesListService.swift */; };
		287EBADF2EC2774E005C9744 /* OAuthTokenResponse.swift in Sources */ = {isa = PBXBuildFile; fileRef = 287EBADE2EC2774E005C9744 /* OAuthTokenResponse.swift */; };
		287EBAE12EC2776C005C9744 /* Photos.swift in Sources */ = {isa = PBXBuildFile; fileRef = 287EBAE02EC2776C005C9744 /* Photos.swift */; };
		287EBAE32EC2777D005C9744 /* Profile.swift in Sources */ = {isa = PBXBuildFile; fileRef = 287EBAE22EC2777D005C9744 /* Profile.swift */; };
		287EBAE92EC27A79005C9744 /* ProfileLogoutService.swift in Sources */ = {isa = PBXBuildFile; fileRef = 287EBAE82EC27A79005C9744 /* ProfileLogoutService.swift */; };
		3FBB6027291330EF006CC9D0 /* ProgressHUD in Frameworks */ = {isa = PBXBuildFile; productRef = 3FBB6026291330EF006CC9D0 /* ProgressHUD */; };
		55063DAA28F724E6008782E1 /* AuthViewController.swift in Sources */ = {isa = PBXBuildFile; fileRef = 55063DA928F724E6008782E1 /* AuthViewController.swift */; };
		55063DAD28F72D48008782E1 /* WebViewController.swift in Sources */ = {isa = PBXBuildFile; fileRef = 55063DAC28F72D48008782E1 /* WebViewController.swift */; };
		619803982B2A3E26009E5440 /* URLSession+data.swift in Sources */ = {isa = PBXBuildFile; fileRef = 619803972B2A3E26009E5440 /* URLSession+data.swift */; };
		7D3DFB1528DDF696005A13F3 /* ImagesListCell.swift in Sources */ = {isa = PBXBuildFile; fileRef = 7D3DFB1328DDF696005A13F3 /* ImagesListCell.swift */; };
		7D3DFB1628DDF696005A13F3 /* ImagesListViewController.swift in Sources */ = {isa = PBXBuildFile; fileRef = 7D3DFB1428DDF696005A13F3 /* ImagesListViewController.swift */; };
		7D9CFA4328DDEE7F00D971A7 /* AppDelegate.swift in Sources */ = {isa = PBXBuildFile; fileRef = 7D9CFA4228DDEE7F00D971A7 /* AppDelegate.swift */; };
		7D9CFA4528DDEE7F00D971A7 /* SceneDelegate.swift in Sources */ = {isa = PBXBuildFile; fileRef = 7D9CFA4428DDEE7F00D971A7 /* SceneDelegate.swift */; };
		7D9CFA4A28DDEE7F00D971A7 /* Main.storyboard in Resources */ = {isa = PBXBuildFile; fileRef = 7D9CFA4828DDEE7F00D971A7 /* Main.storyboard */; };
		7D9CFA4C28DDEE8000D971A7 /* Assets.xcassets in Resources */ = {isa = PBXBuildFile; fileRef = 7D9CFA4B28DDEE8000D971A7 /* Assets.xcassets */; };
		7D9CFA4F28DDEE8000D971A7 /* LaunchScreen.storyboard in Resources */ = {isa = PBXBuildFile; fileRef = 7D9CFA4D28DDEE8000D971A7 /* LaunchScreen.storyboard */; };
		8F83109D28E459BD00BA471F /* ProfileViewController.swift in Sources */ = {isa = PBXBuildFile; fileRef = 8F83109C28E459BD00BA471F /* ProfileViewController.swift */; };
		8F8310A028E4D0C300BA471F /* SingleImageViewController.swift in Sources */ = {isa = PBXBuildFile; fileRef = 8F83109F28E4D0C300BA471F /* SingleImageViewController.swift */; };
		8FB291B52902C12000A53129 /* AuthConfiguration.swift in Sources */ = {isa = PBXBuildFile; fileRef = 8FB291B42902C12000A53129 /* AuthConfiguration.swift */; };
		8FB291B92902DA2100A53129 /* OAuth2Service.swift in Sources */ = {isa = PBXBuildFile; fileRef = 8FB291B82902DA2100A53129 /* OAuth2Service.swift */; };
		8FB291BB2902DA4C00A53129 /* OAuth2TokenStorage.swift in Sources */ = {isa = PBXBuildFile; fileRef = 8FB291BA2902DA4C00A53129 /* OAuth2TokenStorage.swift */; };
		8FB291BE2902DAB100A53129 /* SplashViewController.swift in Sources */ = {isa = PBXBuildFile; fileRef = 8FB291BD2902DAB100A53129 /* SplashViewController.swift */; };
		960D570F2E0DCE8F000455B5 /* WebKit.framework in Frameworks */ = {isa = PBXBuildFile; fileRef = 960D570E2E0DCE8F000455B5 /* WebKit.framework */; };
		960D57142E0DD0F8000455B5 /* UIBlockingProgressHUD.swift in Sources */ = {isa = PBXBuildFile; fileRef = 960D57132E0DD0F8000455B5 /* UIBlockingProgressHUD.swift */; };
		9626820A2E112E90004626E6 /* SwiftKeychainWrapper in Frameworks */ = {isa = PBXBuildFile; productRef = 962682092E112E90004626E6 /* SwiftKeychainWrapper */; };
		9626820C2E1132D1004626E6 /* TabBarController.swift in Sources */ = {isa = PBXBuildFile; fileRef = 9626820B2E1132D1004626E6 /* TabBarController.swift */; };
		96EDB3432E0DD8C800B44E1F /* ProfileService.swift in Sources */ = {isa = PBXBuildFile; fileRef = 96EDB3422E0DD8C800B44E1F /* ProfileService.swift */; };
		96EDB3472E0E83B900B44E1F /* ProfileImageService.swift in Sources */ = {isa = PBXBuildFile; fileRef = 96EDB3462E0E83B900B44E1F /* ProfileImageService.swift */; };
		96EDB34A2E0EA34A00B44E1F /* Kingfisher in Frameworks */ = {isa = PBXBuildFile; productRef = 96EDB3492E0EA34A00B44E1F /* Kingfisher */; };
/* End PBXBuildFile section */

/* Begin PBXContainerItemProxy section */
		283387602EC5899D00D32FAD /* PBXContainerItemProxy */ = {
			isa = PBXContainerItemProxy;
			containerPortal = 7D9CFA3728DDEE7F00D971A7 /* Project object */;
			proxyType = 1;
			remoteGlobalIDString = 7D9CFA3E28DDEE7F00D971A7;
			remoteInfo = "Image Feed";
		};
		2833876F2EC589B000D32FAD /* PBXContainerItemProxy */ = {
			isa = PBXContainerItemProxy;
			containerPortal = 7D9CFA3728DDEE7F00D971A7 /* Project object */;
			proxyType = 1;
			remoteGlobalIDString = 7D9CFA3E28DDEE7F00D971A7;
			remoteInfo = "Image Feed";
		};
/* End PBXContainerItemProxy section */

/* Begin PBXFileReference section */
		283387502EC586D000D32FAD /* WebViewPresenter.swift */ = {isa = PBXFileReference; lastKnownFileType = sourcecode.swift; path = WebViewPresenter.swift; sourceTree = "<group>"; };
		283387522EC586D300D32FAD /* AuthHelper.swift */ = {isa = PBXFileReference; lastKnownFileType = sourcecode.swift; path = AuthHelper.swift; sourceTree = "<group>"; };
		283387542EC5873200D32FAD /* ImagesListViewPresenter.swift */ = {isa = PBXFileReference; lastKnownFileType = sourcecode.swift; path = ImagesListViewPresenter.swift; sourceTree = "<group>"; };
		283387562EC5879900D32FAD /* ProfileViewPresenter.swift */ = {isa = PBXFileReference; lastKnownFileType = sourcecode.swift; path = ProfileViewPresenter.swift; sourceTree = "<group>"; };
		2833875C2EC5899D00D32FAD /* Image FeedTests.xctest */ = {isa = PBXFileReference; explicitFileType = wrapper.cfbundle; includeInIndex = 0; path = "Image FeedTests.xctest"; sourceTree = BUILT_PRODUCTS_DIR; };
		283387692EC589B000D32FAD /* Image FeedUITests.xctest */ = {isa = PBXFileReference; explicitFileType = wrapper.cfbundle; includeInIndex = 0; path = "Image FeedUITests.xctest"; sourceTree = BUILT_PRODUCTS_DIR; };
		287EBAD42EC27592005C9744 /* ImagesListService.swift */ = {isa = PBXFileReference; lastKnownFileType = sourcecode.swift; path = ImagesListService.swift; sourceTree = "<group>"; };
		287EBADE2EC2774E005C9744 /* OAuthTokenResponse.swift */ = {isa = PBXFileReference; lastKnownFileType = sourcecode.swift; path = OAuthTokenResponse.swift; sourceTree = "<group>"; };
		287EBAE02EC2776C005C9744 /* Photos.swift */ = {isa = PBXFileReference; lastKnownFileType = sourcecode.swift; path = Photos.swift; sourceTree = "<group>"; };
		287EBAE22EC2777D005C9744 /* Profile.swift */ = {isa = PBXFileReference; lastKnownFileType = sourcecode.swift; path = Profile.swift; sourceTree = "<group>"; };
		287EBAE82EC27A79005C9744 /* ProfileLogoutService.swift */ = {isa = PBXFileReference; lastKnownFileType = sourcecode.swift; path = ProfileLogoutService.swift; sourceTree = "<group>"; };
		55063DA928F724E6008782E1 /* AuthViewController.swift */ = {isa = PBXFileReference; lastKnownFileType = sourcecode.swift; path = AuthViewController.swift; sourceTree = "<group>"; };
		55063DAC28F72D48008782E1 /* WebViewController.swift */ = {isa = PBXFileReference; lastKnownFileType = sourcecode.swift; path = WebViewController.swift; sourceTree = "<group>"; };
		619803972B2A3E26009E5440 /* URLSession+data.swift */ = {isa = PBXFileReference; lastKnownFileType = sourcecode.swift; path = "URLSession+data.swift"; sourceTree = "<group>"; };
		7D3DFB1328DDF696005A13F3 /* ImagesListCell.swift */ = {isa = PBXFileReference; fileEncoding = 4; lastKnownFileType = sourcecode.swift; path = ImagesListCell.swift; sourceTree = "<group>"; };
		7D3DFB1428DDF696005A13F3 /* ImagesListViewController.swift */ = {isa = PBXFileReference; fileEncoding = 4; lastKnownFileType = sourcecode.swift; path = ImagesListViewController.swift; sourceTree = "<group>"; };
		7D9CFA3F28DDEE7F00D971A7 /* Image Feed.app */ = {isa = PBXFileReference; explicitFileType = wrapper.application; includeInIndex = 0; path = "Image Feed.app"; sourceTree = BUILT_PRODUCTS_DIR; };
		7D9CFA4228DDEE7F00D971A7 /* AppDelegate.swift */ = {isa = PBXFileReference; lastKnownFileType = sourcecode.swift; path = AppDelegate.swift; sourceTree = "<group>"; };
		7D9CFA4428DDEE7F00D971A7 /* SceneDelegate.swift */ = {isa = PBXFileReference; lastKnownFileType = sourcecode.swift; path = SceneDelegate.swift; sourceTree = "<group>"; };
		7D9CFA4928DDEE7F00D971A7 /* Base */ = {isa = PBXFileReference; lastKnownFileType = file.storyboard; name = Base; path = Base.lproj/Main.storyboard; sourceTree = "<group>"; };
		7D9CFA4B28DDEE8000D971A7 /* Assets.xcassets */ = {isa = PBXFileReference; lastKnownFileType = folder.assetcatalog; path = Assets.xcassets; sourceTree = "<group>"; };
		7D9CFA4E28DDEE8000D971A7 /* Base */ = {isa = PBXFileReference; lastKnownFileType = file.storyboard; name = Base; path = Base.lproj/LaunchScreen.storyboard; sourceTree = "<group>"; };
		7D9CFA5028DDEE8000D971A7 /* Info.plist */ = {isa = PBXFileReference; lastKnownFileType = text.plist.xml; path = Info.plist; sourceTree = "<group>"; };
		8F83109C28E459BD00BA471F /* ProfileViewController.swift */ = {isa = PBXFileReference; lastKnownFileType = sourcecode.swift; path = ProfileViewController.swift; sourceTree = "<group>"; };
		8F83109F28E4D0C300BA471F /* SingleImageViewController.swift */ = {isa = PBXFileReference; lastKnownFileType = sourcecode.swift; path = SingleImageViewController.swift; sourceTree = "<group>"; };
		8FB291B42902C12000A53129 /* AuthConfiguration.swift */ = {isa = PBXFileReference; lastKnownFileType = sourcecode.swift; path = AuthConfiguration.swift; sourceTree = "<group>"; };
		8FB291B82902DA2100A53129 /* OAuth2Service.swift */ = {isa = PBXFileReference; lastKnownFileType = sourcecode.swift; path = OAuth2Service.swift; sourceTree = "<group>"; };
		8FB291BA2902DA4C00A53129 /* OAuth2TokenStorage.swift */ = {isa = PBXFileReference; lastKnownFileType = sourcecode.swift; path = OAuth2TokenStorage.swift; sourceTree = "<group>"; };
		8FB291BD2902DAB100A53129 /* SplashViewController.swift */ = {isa = PBXFileReference; lastKnownFileType = sourcecode.swift; path = SplashViewController.swift; sourceTree = "<group>"; };
		960D570E2E0DCE8F000455B5 /* WebKit.framework */ = {isa = PBXFileReference; lastKnownFileType = wrapper.framework; name = WebKit.framework; path = System/Library/Frameworks/WebKit.framework; sourceTree = SDKROOT; };
		960D57132E0DD0F8000455B5 /* UIBlockingProgressHUD.swift */ = {isa = PBXFileReference; lastKnownFileType = sourcecode.swift; path = UIBlockingProgressHUD.swift; sourceTree = "<group>"; };
		9626820B2E1132D1004626E6 /* TabBarController.swift */ = {isa = PBXFileReference; lastKnownFileType = sourcecode.swift; path = TabBarController.swift; sourceTree = "<group>"; };
		96EDB3422E0DD8C800B44E1F /* ProfileService.swift */ = {isa = PBXFileReference; lastKnownFileType = sourcecode.swift; path = ProfileService.swift; sourceTree = "<group>"; };
		96EDB3462E0E83B900B44E1F /* ProfileImageService.swift */ = {isa = PBXFileReference; lastKnownFileType = sourcecode.swift; path = ProfileImageService.swift; sourceTree = "<group>"; };
/* End PBXFileReference section */

/* Begin PBXFileSystemSynchronizedRootGroup section */
		2833875D2EC5899D00D32FAD /* Image FeedTests */ = {isa = PBXFileSystemSynchronizedRootGroup; explicitFileTypes = {}; explicitFolders = (); path = "Image FeedTests"; sourceTree = "<group>"; };
		2833876A2EC589B000D32FAD /* Image FeedUITests */ = {isa = PBXFileSystemSynchronizedRootGroup; explicitFileTypes = {}; explicitFolders = (); path = "Image FeedUITests"; sourceTree = "<group>"; };
/* End PBXFileSystemSynchronizedRootGroup section */

/* Begin PBXFrameworksBuildPhase section */
		283387592EC5899D00D32FAD /* Frameworks */ = {
			isa = PBXFrameworksBuildPhase;
			buildActionMask = 2147483647;
			files = (
			);
			runOnlyForDeploymentPostprocessing = 0;
		};
		283387662EC589B000D32FAD /* Frameworks */ = {
			isa = PBXFrameworksBuildPhase;
			buildActionMask = 2147483647;
			files = (
			);
			runOnlyForDeploymentPostprocessing = 0;
		};
		7D9CFA3C28DDEE7F00D971A7 /* Frameworks */ = {
			isa = PBXFrameworksBuildPhase;
			buildActionMask = 2147483647;
			files = (
				96EDB34A2E0EA34A00B44E1F /* Kingfisher in Frameworks */,
				960D570F2E0DCE8F000455B5 /* WebKit.framework in Frameworks */,
				9626820A2E112E90004626E6 /* SwiftKeychainWrapper in Frameworks */,
				3FBB6027291330EF006CC9D0 /* ProgressHUD in Frameworks */,
			);
			runOnlyForDeploymentPostprocessing = 0;
		};
/* End PBXFrameworksBuildPhase section */

/* Begin PBXGroup section */
		287EBAED2EC27C87005C9744 /* Models 2 */ = {
			isa = PBXGroup;
			children = (
				287EBADE2EC2774E005C9744 /* OAuthTokenResponse.swift */,
				287EBAE02EC2776C005C9744 /* Photos.swift */,
				287EBAE22EC2777D005C9744 /* Profile.swift */,
			);
			path = "Models 2";
			sourceTree = "<group>";
		};
		55063DAB28F724ED008782E1 /* Auth */ = {
			isa = PBXGroup;
			children = (
				283387522EC586D300D32FAD /* AuthHelper.swift */,
				283387502EC586D000D32FAD /* WebViewPresenter.swift */,
				55063DA928F724E6008782E1 /* AuthViewController.swift */,
				55063DAC28F72D48008782E1 /* WebViewController.swift */,
			);
			path = Auth;
			sourceTree = "<group>";
		};
		619803962B2A3E1E009E5440 /* Network */ = {
			isa = PBXGroup;
			children = (
				619803972B2A3E26009E5440 /* URLSession+data.swift */,
			);
			path = Network;
			sourceTree = "<group>";
		};
		7D9CFA3628DDEE7F00D971A7 = {
			isa = PBXGroup;
			children = (
				7D9CFA4128DDEE7F00D971A7 /* Image Feed */,
				2833875D2EC5899D00D32FAD /* Image FeedTests */,
				2833876A2EC589B000D32FAD /* Image FeedUITests */,
				960D570D2E0DCE8E000455B5 /* Frameworks */,
				7D9CFA4028DDEE7F00D971A7 /* Products */,
			);
			sourceTree = "<group>";
		};
		7D9CFA4028DDEE7F00D971A7 /* Products */ = {
			isa = PBXGroup;
			children = (
				7D9CFA3F28DDEE7F00D971A7 /* Image Feed.app */,
				2833875C2EC5899D00D32FAD /* Image FeedTests.xctest */,
				283387692EC589B000D32FAD /* Image FeedUITests.xctest */,
			);
			name = Products;
			sourceTree = "<group>";
		};
		7D9CFA4128DDEE7F00D971A7 /* Image Feed */ = {
			isa = PBXGroup;
			children = (
				7D9CFA4228DDEE7F00D971A7 /* AppDelegate.swift */,
				7D9CFA4428DDEE7F00D971A7 /* SceneDelegate.swift */,
				8FB291B42902C12000A53129 /* AuthConfiguration.swift */,
				960D57152E0DD19B000455B5 /* Views */,
				8FB291B62902DA0000A53129 /* ServiceAccessLayer */,
				8FB291BC2902DAA200A53129 /* SplashViewController */,
				9626820E2E113357004626E6 /* TabBarController */,
				55063DAB28F724ED008782E1 /* Auth */,
				7D9CFA5A28DDF66900D971A7 /* ImagesList */,
				8F83109E28E4D09B00BA471F /* SingleImageView */,
				7D9CFA4828DDEE7F00D971A7 /* Main.storyboard */,
				7D9CFA4B28DDEE8000D971A7 /* Assets.xcassets */,
				7D9CFA4D28DDEE8000D971A7 /* LaunchScreen.storyboard */,
				7D9CFA5028DDEE8000D971A7 /* Info.plist */,
				287EBAED2EC27C87005C9744 /* Models 2 */,
			);
			path = "Image Feed";
			sourceTree = "<group>";
		};
		7D9CFA5A28DDF66900D971A7 /* ImagesList */ = {
			isa = PBXGroup;
			children = (
				7D3DFB1328DDF696005A13F3 /* ImagesListCell.swift */,
				7D3DFB1428DDF696005A13F3 /* ImagesListViewController.swift */,
				283387542EC5873200D32FAD /* ImagesListViewPresenter.swift */,
				287EBAD42EC27592005C9744 /* ImagesListService.swift */,
			);
			path = ImagesList;
			sourceTree = "<group>";
		};
		8F83109E28E4D09B00BA471F /* SingleImageView */ = {
			isa = PBXGroup;
			children = (
				8F83109F28E4D0C300BA471F /* SingleImageViewController.swift */,
			);
			path = SingleImageView;
			sourceTree = "<group>";
		};
		8FB291B62902DA0000A53129 /* ServiceAccessLayer */ = {
			isa = PBXGroup;
			children = (
				96EDB3452E0E707E00B44E1F /* ProfileService */,
				619803962B2A3E1E009E5440 /* Network */,
				8FB291B72902DA0E00A53129 /* OAuth2 */,
			);
			path = ServiceAccessLayer;
			sourceTree = "<group>";
		};
		8FB291B72902DA0E00A53129 /* OAuth2 */ = {
			isa = PBXGroup;
			children = (
				8FB291B82902DA2100A53129 /* OAuth2Service.swift */,
				8FB291BA2902DA4C00A53129 /* OAuth2TokenStorage.swift */,
			);
			path = OAuth2;
			sourceTree = "<group>";
		};
		8FB291BC2902DAA200A53129 /* SplashViewController */ = {
			isa = PBXGroup;
			children = (
				8FB291BD2902DAB100A53129 /* SplashViewController.swift */,
			);
			path = SplashViewController;
			sourceTree = "<group>";
		};
		960D570D2E0DCE8E000455B5 /* Frameworks */ = {
			isa = PBXGroup;
			children = (
				960D570E2E0DCE8F000455B5 /* WebKit.framework */,
			);
			name = Frameworks;
			sourceTree = "<group>";
		};
		960D57152E0DD19B000455B5 /* Views */ = {
			isa = PBXGroup;
			children = (
				960D57132E0DD0F8000455B5 /* UIBlockingProgressHUD.swift */,
			);
			path = Views;
			sourceTree = "<group>";
		};
		9626820E2E113357004626E6 /* TabBarController */ = {
			isa = PBXGroup;
			children = (
				9626820B2E1132D1004626E6 /* TabBarController.swift */,
			);
			path = TabBarController;
			sourceTree = "<group>";
		};
		96EDB3452E0E707E00B44E1F /* ProfileService */ = {
			isa = PBXGroup;
			children = (
				96EDB3462E0E83B900B44E1F /* ProfileImageService.swift */,
				96EDB3422E0DD8C800B44E1F /* ProfileService.swift */,
				8F83109C28E459BD00BA471F /* ProfileViewController.swift */,
				287EBAE82EC27A79005C9744 /* ProfileLogoutService.swift */,
				283387562EC5879900D32FAD /* ProfileViewPresenter.swift */,
			);
			path = ProfileService;
			sourceTree = "<group>";
		};
/* End PBXGroup section */

/* Begin PBXNativeTarget section */
		2833875B2EC5899D00D32FAD /* Image FeedTests */ = {
			isa = PBXNativeTarget;
			buildConfigurationList = 283387622EC5899D00D32FAD /* Build configuration list for PBXNativeTarget "Image FeedTests" */;
			buildPhases = (
				283387582EC5899D00D32FAD /* Sources */,
				283387592EC5899D00D32FAD /* Frameworks */,
				2833875A2EC5899D00D32FAD /* Resources */,
			);
			buildRules = (
			);
			dependencies = (
				283387612EC5899D00D32FAD /* PBXTargetDependency */,
			);
			fileSystemSynchronizedGroups = (
				2833875D2EC5899D00D32FAD /* Image FeedTests */,
			);
			name = "Image FeedTests";
			packageProductDependencies = (
			);
			productName = "Image FeedTests";
			productReference = 2833875C2EC5899D00D32FAD /* Image FeedTests.xctest */;
			productType = "com.apple.product-type.bundle.unit-test";
		};
		283387682EC589B000D32FAD /* Image FeedUITests */ = {
			isa = PBXNativeTarget;
			buildConfigurationList = 283387712EC589B000D32FAD /* Build configuration list for PBXNativeTarget "Image FeedUITests" */;
			buildPhases = (
				283387652EC589B000D32FAD /* Sources */,
				283387662EC589B000D32FAD /* Frameworks */,
				283387672EC589B000D32FAD /* Resources */,
			);
			buildRules = (
			);
			dependencies = (
				283387702EC589B000D32FAD /* PBXTargetDependency */,
			);
			fileSystemSynchronizedGroups = (
				2833876A2EC589B000D32FAD /* Image FeedUITests */,
			);
			name = "Image FeedUITests";
			packageProductDependencies = (
			);
			productName = "Image FeedUITests";
			productReference = 283387692EC589B000D32FAD /* Image FeedUITests.xctest */;
			productType = "com.apple.product-type.bundle.ui-testing";
		};
		7D9CFA3E28DDEE7F00D971A7 /* Image Feed */ = {
			isa = PBXNativeTarget;
			buildConfigurationList = 7D9CFA5328DDEE8000D971A7 /* Build configuration list for PBXNativeTarget "Image Feed" */;
			buildPhases = (
				7D9CFA3B28DDEE7F00D971A7 /* Sources */,
				7D9CFA3C28DDEE7F00D971A7 /* Frameworks */,
				7D9CFA3D28DDEE7F00D971A7 /* Resources */,
			);
			buildRules = (
			);
			dependencies = (
			);
			name = "Image Feed";
			packageProductDependencies = (
				3FBB6026291330EF006CC9D0 /* ProgressHUD */,
				96EDB3492E0EA34A00B44E1F /* Kingfisher */,
				962682092E112E90004626E6 /* SwiftKeychainWrapper */,
			);
			productName = "Image Feed";
			productReference = 7D9CFA3F28DDEE7F00D971A7 /* Image Feed.app */;
			productType = "com.apple.product-type.application";
		};
/* End PBXNativeTarget section */

/* Begin PBXProject section */
		7D9CFA3728DDEE7F00D971A7 /* Project object */ = {
			isa = PBXProject;
			attributes = {
				BuildIndependentTargetsInParallel = 1;
				LastSwiftUpdateCheck = 2610;
				LastUpgradeCheck = 1340;
				TargetAttributes = {
					2833875B2EC5899D00D32FAD = {
						CreatedOnToolsVersion = 26.1.1;
						TestTargetID = 7D9CFA3E28DDEE7F00D971A7;
					};
					283387682EC589B000D32FAD = {
						CreatedOnToolsVersion = 26.1.1;
						TestTargetID = 7D9CFA3E28DDEE7F00D971A7;
					};
					7D9CFA3E28DDEE7F00D971A7 = {
						CreatedOnToolsVersion = 13.4.1;
					};
				};
			};
			buildConfigurationList = 7D9CFA3A28DDEE7F00D971A7 /* Build configuration list for PBXProject "Image Feed" */;
			compatibilityVersion = "Xcode 13.0";
			developmentRegion = en;
			hasScannedForEncodings = 0;
			knownRegions = (
				en,
				Base,
			);
			mainGroup = 7D9CFA3628DDEE7F00D971A7;
			packageReferences = (
				3FBB6025291330EF006CC9D0 /* XCRemoteSwiftPackageReference "ProgressHUD" */,
				96EDB3482E0EA34A00B44E1F /* XCRemoteSwiftPackageReference "Kingfisher" */,
				962682082E112E90004626E6 /* XCRemoteSwiftPackageReference "SwiftKeychainWrapper" */,
			);
			productRefGroup = 7D9CFA4028DDEE7F00D971A7 /* Products */;
			projectDirPath = "";
			projectRoot = "";
			targets = (
				7D9CFA3E28DDEE7F00D971A7 /* Image Feed */,
				2833875B2EC5899D00D32FAD /* Image FeedTests */,
				283387682EC589B000D32FAD /* Image FeedUITests */,
			);
		};
/* End PBXProject section */

/* Begin PBXResourcesBuildPhase section */
		2833875A2EC5899D00D32FAD /* Resources */ = {
			isa = PBXResourcesBuildPhase;
			buildActionMask = 2147483647;
			files = (
			);
			runOnlyForDeploymentPostprocessing = 0;
		};
		283387672EC589B000D32FAD /* Resources */ = {
			isa = PBXResourcesBuildPhase;
			buildActionMask = 2147483647;
			files = (
			);
			runOnlyForDeploymentPostprocessing = 0;
		};
		7D9CFA3D28DDEE7F00D971A7 /* Resources */ = {
			isa = PBXResourcesBuildPhase;
			buildActionMask = 2147483647;
			files = (
				7D9CFA4F28DDEE8000D971A7 /* LaunchScreen.storyboard in Resources */,
				7D9CFA4C28DDEE8000D971A7 /* Assets.xcassets in Resources */,
				7D9CFA4A28DDEE7F00D971A7 /* Main.storyboard in Resources */,
			);
			runOnlyForDeploymentPostprocessing = 0;
		};
/* End PBXResourcesBuildPhase section */

/* Begin PBXSourcesBuildPhase section */
		283387582EC5899D00D32FAD /* Sources */ = {
			isa = PBXSourcesBuildPhase;
			buildActionMask = 2147483647;
			files = (
			);
			runOnlyForDeploymentPostprocessing = 0;
		};
		283387652EC589B000D32FAD /* Sources */ = {
			isa = PBXSourcesBuildPhase;
			buildActionMask = 2147483647;
			files = (
			);
			runOnlyForDeploymentPostprocessing = 0;
		};
		7D9CFA3B28DDEE7F00D971A7 /* Sources */ = {
			isa = PBXSourcesBuildPhase;
			buildActionMask = 2147483647;
			files = (
				7D9CFA4328DDEE7F00D971A7 /* AppDelegate.swift in Sources */,
				287EBADF2EC2774E005C9744 /* OAuthTokenResponse.swift in Sources */,
				619803982B2A3E26009E5440 /* URLSession+data.swift in Sources */,
				283387552EC5873200D32FAD /* ImagesListViewPresenter.swift in Sources */,
				7D9CFA4528DDEE7F00D971A7 /* SceneDelegate.swift in Sources */,
				283387572EC5879900D32FAD /* ProfileViewPresenter.swift in Sources */,
				283387512EC586D000D32FAD /* WebViewPresenter.swift in Sources */,
				283387532EC586D300D32FAD /* AuthHelper.swift in Sources */,
				8F83109D28E459BD00BA471F /* ProfileViewController.swift in Sources */,
				8FB291BE2902DAB100A53129 /* SplashViewController.swift in Sources */,
				55063DAA28F724E6008782E1 /* AuthViewController.swift in Sources */,
				9626820C2E1132D1004626E6 /* TabBarController.swift in Sources */,
				287EBAE12EC2776C005C9744 /* Photos.swift in Sources */,
				8FB291BB2902DA4C00A53129 /* OAuth2TokenStorage.swift in Sources */,
				287EBAE32EC2777D005C9744 /* Profile.swift in Sources */,
				7D3DFB1628DDF696005A13F3 /* ImagesListViewController.swift in Sources */,
				8F8310A028E4D0C300BA471F /* SingleImageViewController.swift in Sources */,
				96EDB3472E0E83B900B44E1F /* ProfileImageService.swift in Sources */,
				55063DAD28F72D48008782E1 /* WebViewController.swift in Sources */,
				7D3DFB1528DDF696005A13F3 /* ImagesListCell.swift in Sources */,
				287EBAE92EC27A79005C9744 /* ProfileLogoutService.swift in Sources */,
				287EBAD52EC27592005C9744 /* ImagesListService.swift in Sources */,
				8FB291B92902DA2100A53129 /* OAuth2Service.swift in Sources */,
				8FB291B52902C12000A53129 /* AuthConfiguration.swift in Sources */,
				960D57142E0DD0F8000455B5 /* UIBlockingProgressHUD.swift in Sources */,
				96EDB3432E0DD8C800B44E1F /* ProfileService.swift in Sources */,
			);
			runOnlyForDeploymentPostprocessing = 0;
		};
/* End PBXSourcesBuildPhase section */

/* Begin PBXTargetDependency section */
		283387612EC5899D00D32FAD /* PBXTargetDependency */ = {
			isa = PBXTargetDependency;
			target = 7D9CFA3E28DDEE7F00D971A7 /* Image Feed */;
			targetProxy = 283387602EC5899D00D32FAD /* PBXContainerItemProxy */;
		};
		283387702EC589B000D32FAD /* PBXTargetDependency */ = {
			isa = PBXTargetDependency;
			target = 7D9CFA3E28DDEE7F00D971A7 /* Image Feed */;
			targetProxy = 2833876F2EC589B000D32FAD /* PBXContainerItemProxy */;
		};
/* End PBXTargetDependency section */

/* Begin PBXVariantGroup section */
		7D9CFA4828DDEE7F00D971A7 /* Main.storyboard */ = {
			isa = PBXVariantGroup;
			children = (
				7D9CFA4928DDEE7F00D971A7 /* Base */,
			);
			name = Main.storyboard;
			sourceTree = "<group>";
		};
		7D9CFA4D28DDEE8000D971A7 /* LaunchScreen.storyboard */ = {
			isa = PBXVariantGroup;
			children = (
				7D9CFA4E28DDEE8000D971A7 /* Base */,
			);
			name = LaunchScreen.storyboard;
			sourceTree = "<group>";
		};
/* End PBXVariantGroup section */

/* Begin XCBuildConfiguration section */
		283387632EC5899D00D32FAD /* Debug */ = {
			isa = XCBuildConfiguration;
			buildSettings = {
				ASSETCATALOG_COMPILER_GENERATE_SWIFT_ASSET_SYMBOL_EXTENSIONS = YES;
				BUNDLE_LOADER = "$(TEST_HOST)";
				CLANG_CXX_LANGUAGE_STANDARD = "gnu++20";
				CODE_SIGN_STYLE = Automatic;
				CURRENT_PROJECT_VERSION = 1;
				ENABLE_USER_SCRIPT_SANDBOXING = YES;
				GCC_C_LANGUAGE_STANDARD = gnu17;
				GENERATE_INFOPLIST_FILE = YES;
				IPHONEOS_DEPLOYMENT_TARGET = 26.0;
				LOCALIZATION_PREFERS_STRING_CATALOGS = YES;
				MARKETING_VERSION = 1.0;
				PRODUCT_BUNDLE_IDENTIFIER = "com.stpkch.Image-FeedTests";
				PRODUCT_NAME = "$(TARGET_NAME)";
				STRING_CATALOG_GENERATE_SYMBOLS = NO;
				SWIFT_ACTIVE_COMPILATION_CONDITIONS = "DEBUG $(inherited)";
				SWIFT_APPROACHABLE_CONCURRENCY = YES;
				SWIFT_EMIT_LOC_STRINGS = NO;
				SWIFT_UPCOMING_FEATURE_MEMBER_IMPORT_VISIBILITY = YES;
				SWIFT_VERSION = 5.0;
				TARGETED_DEVICE_FAMILY = "1,2";
				TEST_HOST = "$(BUILT_PRODUCTS_DIR)/Image Feed.app/$(BUNDLE_EXECUTABLE_FOLDER_PATH)/Image Feed";
			};
			name = Debug;
		};
		283387642EC5899D00D32FAD /* Release */ = {
			isa = XCBuildConfiguration;
			buildSettings = {
				ASSETCATALOG_COMPILER_GENERATE_SWIFT_ASSET_SYMBOL_EXTENSIONS = YES;
				BUNDLE_LOADER = "$(TEST_HOST)";
				CLANG_CXX_LANGUAGE_STANDARD = "gnu++20";
				CODE_SIGN_STYLE = Automatic;
				CURRENT_PROJECT_VERSION = 1;
				ENABLE_USER_SCRIPT_SANDBOXING = YES;
				GCC_C_LANGUAGE_STANDARD = gnu17;
				GENERATE_INFOPLIST_FILE = YES;
				IPHONEOS_DEPLOYMENT_TARGET = 26.0;
				LOCALIZATION_PREFERS_STRING_CATALOGS = YES;
				MARKETING_VERSION = 1.0;
				PRODUCT_BUNDLE_IDENTIFIER = "com.stpkch.Image-FeedTests";
				PRODUCT_NAME = "$(TARGET_NAME)";
				STRING_CATALOG_GENERATE_SYMBOLS = NO;
				SWIFT_APPROACHABLE_CONCURRENCY = YES;
				SWIFT_EMIT_LOC_STRINGS = NO;
				SWIFT_UPCOMING_FEATURE_MEMBER_IMPORT_VISIBILITY = YES;
				SWIFT_VERSION = 5.0;
				TARGETED_DEVICE_FAMILY = "1,2";
				TEST_HOST = "$(BUILT_PRODUCTS_DIR)/Image Feed.app/$(BUNDLE_EXECUTABLE_FOLDER_PATH)/Image Feed";
			};
			name = Release;
		};
		283387722EC589B000D32FAD /* Debug */ = {
			isa = XCBuildConfiguration;
			buildSettings = {
				ASSETCATALOG_COMPILER_GENERATE_SWIFT_ASSET_SYMBOL_EXTENSIONS = YES;
				CLANG_CXX_LANGUAGE_STANDARD = "gnu++20";
				CODE_SIGN_STYLE = Automatic;
				CURRENT_PROJECT_VERSION = 1;
				ENABLE_USER_SCRIPT_SANDBOXING = YES;
				GCC_C_LANGUAGE_STANDARD = gnu17;
				GENERATE_INFOPLIST_FILE = YES;
				IPHONEOS_DEPLOYMENT_TARGET = 26.0;
				LOCALIZATION_PREFERS_STRING_CATALOGS = YES;
				MARKETING_VERSION = 1.0;
				PRODUCT_BUNDLE_IDENTIFIER = "com.stpkch.Image-FeedUITests";
				PRODUCT_NAME = "$(TARGET_NAME)";
				STRING_CATALOG_GENERATE_SYMBOLS = NO;
				SWIFT_ACTIVE_COMPILATION_CONDITIONS = "DEBUG $(inherited)";
				SWIFT_APPROACHABLE_CONCURRENCY = YES;
				SWIFT_EMIT_LOC_STRINGS = NO;
				SWIFT_UPCOMING_FEATURE_MEMBER_IMPORT_VISIBILITY = YES;
				SWIFT_VERSION = 5.0;
				TARGETED_DEVICE_FAMILY = "1,2";
				TEST_TARGET_NAME = "Image Feed";
			};
			name = Debug;
		};
		283387732EC589B000D32FAD /* Release */ = {
			isa = XCBuildConfiguration;
			buildSettings = {
				ASSETCATALOG_COMPILER_GENERATE_SWIFT_ASSET_SYMBOL_EXTENSIONS = YES;
				CLANG_CXX_LANGUAGE_STANDARD = "gnu++20";
				CODE_SIGN_STYLE = Automatic;
				CURRENT_PROJECT_VERSION = 1;
				ENABLE_USER_SCRIPT_SANDBOXING = YES;
				GCC_C_LANGUAGE_STANDARD = gnu17;
				GENERATE_INFOPLIST_FILE = YES;
				IPHONEOS_DEPLOYMENT_TARGET = 26.0;
				LOCALIZATION_PREFERS_STRING_CATALOGS = YES;
				MARKETING_VERSION = 1.0;
				PRODUCT_BUNDLE_IDENTIFIER = "com.stpkch.Image-FeedUITests";
				PRODUCT_NAME = "$(TARGET_NAME)";
				STRING_CATALOG_GENERATE_SYMBOLS = NO;
				SWIFT_APPROACHABLE_CONCURRENCY = YES;
				SWIFT_EMIT_LOC_STRINGS = NO;
				SWIFT_UPCOMING_FEATURE_MEMBER_IMPORT_VISIBILITY = YES;
				SWIFT_VERSION = 5.0;
				TARGETED_DEVICE_FAMILY = "1,2";
				TEST_TARGET_NAME = "Image Feed";
			};
			name = Release;
		};
		7D9CFA5128DDEE8000D971A7 /* Debug */ = {
			isa = XCBuildConfiguration;
			buildSettings = {
				ALWAYS_SEARCH_USER_PATHS = NO;
				CLANG_ANALYZER_NONNULL = YES;
				CLANG_ANALYZER_NUMBER_OBJECT_CONVERSION = YES_AGGRESSIVE;
				CLANG_CXX_LANGUAGE_STANDARD = "gnu++17";
				CLANG_ENABLE_MODULES = YES;
				CLANG_ENABLE_OBJC_ARC = YES;
				CLANG_ENABLE_OBJC_WEAK = YES;
				CLANG_WARN_BLOCK_CAPTURE_AUTORELEASING = YES;
				CLANG_WARN_BOOL_CONVERSION = YES;
				CLANG_WARN_COMMA = YES;
				CLANG_WARN_CONSTANT_CONVERSION = YES;
				CLANG_WARN_DEPRECATED_OBJC_IMPLEMENTATIONS = YES;
				CLANG_WARN_DIRECT_OBJC_ISA_USAGE = YES_ERROR;
				CLANG_WARN_DOCUMENTATION_COMMENTS = YES;
				CLANG_WARN_EMPTY_BODY = YES;
				CLANG_WARN_ENUM_CONVERSION = YES;
				CLANG_WARN_INFINITE_RECURSION = YES;
				CLANG_WARN_INT_CONVERSION = YES;
				CLANG_WARN_NON_LITERAL_NULL_CONVERSION = YES;
				CLANG_WARN_OBJC_IMPLICIT_RETAIN_SELF = YES;
				CLANG_WARN_OBJC_LITERAL_CONVERSION = YES;
				CLANG_WARN_OBJC_ROOT_CLASS = YES_ERROR;
				CLANG_WARN_QUOTED_INCLUDE_IN_FRAMEWORK_HEADER = YES;
				CLANG_WARN_RANGE_LOOP_ANALYSIS = YES;
				CLANG_WARN_STRICT_PROTOTYPES = YES;
				CLANG_WARN_SUSPICIOUS_MOVE = YES;
				CLANG_WARN_UNGUARDED_AVAILABILITY = YES_AGGRESSIVE;
				CLANG_WARN_UNREACHABLE_CODE = YES;
				CLANG_WARN__DUPLICATE_METHOD_MATCH = YES;
				COPY_PHASE_STRIP = NO;
				DEBUG_INFORMATION_FORMAT = dwarf;
				ENABLE_STRICT_OBJC_MSGSEND = YES;
				ENABLE_TESTABILITY = YES;
				GCC_C_LANGUAGE_STANDARD = gnu11;
				GCC_DYNAMIC_NO_PIC = NO;
				GCC_NO_COMMON_BLOCKS = YES;
				GCC_OPTIMIZATION_LEVEL = 0;
				GCC_PREPROCESSOR_DEFINITIONS = (
					"DEBUG=1",
					"$(inherited)",
				);
				GCC_WARN_64_TO_32_BIT_CONVERSION = YES;
				GCC_WARN_ABOUT_RETURN_TYPE = YES_ERROR;
				GCC_WARN_UNDECLARED_SELECTOR = YES;
				GCC_WARN_UNINITIALIZED_AUTOS = YES_AGGRESSIVE;
				GCC_WARN_UNUSED_FUNCTION = YES;
				GCC_WARN_UNUSED_VARIABLE = YES;
				IPHONEOS_DEPLOYMENT_TARGET = 13.0;
				MTL_ENABLE_DEBUG_INFO = INCLUDE_SOURCE;
				MTL_FAST_MATH = YES;
				ONLY_ACTIVE_ARCH = YES;
				SDKROOT = iphoneos;
				SWIFT_ACTIVE_COMPILATION_CONDITIONS = DEBUG;
				SWIFT_OPTIMIZATION_LEVEL = "-Onone";
			};
			name = Debug;
		};
		7D9CFA5228DDEE8000D971A7 /* Release */ = {
			isa = XCBuildConfiguration;
			buildSettings = {
				ALWAYS_SEARCH_USER_PATHS = NO;
				CLANG_ANALYZER_NONNULL = YES;
				CLANG_ANALYZER_NUMBER_OBJECT_CONVERSION = YES_AGGRESSIVE;
				CLANG_CXX_LANGUAGE_STANDARD = "gnu++17";
				CLANG_ENABLE_MODULES = YES;
				CLANG_ENABLE_OBJC_ARC = YES;
				CLANG_ENABLE_OBJC_WEAK = YES;
				CLANG_WARN_BLOCK_CAPTURE_AUTORELEASING = YES;
				CLANG_WARN_BOOL_CONVERSION = YES;
				CLANG_WARN_COMMA = YES;
				CLANG_WARN_CONSTANT_CONVERSION = YES;
				CLANG_WARN_DEPRECATED_OBJC_IMPLEMENTATIONS = YES;
				CLANG_WARN_DIRECT_OBJC_ISA_USAGE = YES_ERROR;
				CLANG_WARN_DOCUMENTATION_COMMENTS = YES;
				CLANG_WARN_EMPTY_BODY = YES;
				CLANG_WARN_ENUM_CONVERSION = YES;
				CLANG_WARN_INFINITE_RECURSION = YES;
				CLANG_WARN_INT_CONVERSION = YES;
				CLANG_WARN_NON_LITERAL_NULL_CONVERSION = YES;
				CLANG_WARN_OBJC_IMPLICIT_RETAIN_SELF = YES;
				CLANG_WARN_OBJC_LITERAL_CONVERSION = YES;
				CLANG_WARN_OBJC_ROOT_CLASS = YES_ERROR;
				CLANG_WARN_QUOTED_INCLUDE_IN_FRAMEWORK_HEADER = YES;
				CLANG_WARN_RANGE_LOOP_ANALYSIS = YES;
				CLANG_WARN_STRICT_PROTOTYPES = YES;
				CLANG_WARN_SUSPICIOUS_MOVE = YES;
				CLANG_WARN_UNGUARDED_AVAILABILITY = YES_AGGRESSIVE;
				CLANG_WARN_UNREACHABLE_CODE = YES;
				CLANG_WARN__DUPLICATE_METHOD_MATCH = YES;
				COPY_PHASE_STRIP = NO;
				DEBUG_INFORMATION_FORMAT = "dwarf-with-dsym";
				ENABLE_NS_ASSERTIONS = NO;
				ENABLE_STRICT_OBJC_MSGSEND = YES;
				GCC_C_LANGUAGE_STANDARD = gnu11;
				GCC_NO_COMMON_BLOCKS = YES;
				GCC_WARN_64_TO_32_BIT_CONVERSION = YES;
				GCC_WARN_ABOUT_RETURN_TYPE = YES_ERROR;
				GCC_WARN_UNDECLARED_SELECTOR = YES;
				GCC_WARN_UNINITIALIZED_AUTOS = YES_AGGRESSIVE;
				GCC_WARN_UNUSED_FUNCTION = YES;
				GCC_WARN_UNUSED_VARIABLE = YES;
				IPHONEOS_DEPLOYMENT_TARGET = 13.0;
				MTL_ENABLE_DEBUG_INFO = NO;
				MTL_FAST_MATH = YES;
				SDKROOT = iphoneos;
				SWIFT_COMPILATION_MODE = wholemodule;
				SWIFT_OPTIMIZATION_LEVEL = "-O";
				VALIDATE_PRODUCT = YES;
			};
			name = Release;
		};
		7D9CFA5428DDEE8000D971A7 /* Debug */ = {
			isa = XCBuildConfiguration;
			buildSettings = {
				ASSETCATALOG_COMPILER_APPICON_NAME = AppIcon;
				ASSETCATALOG_COMPILER_GLOBAL_ACCENT_COLOR_NAME = AccentColor;
				CODE_SIGN_STYLE = Automatic;
				CURRENT_PROJECT_VERSION = 1;
				DEVELOPMENT_TEAM = "";
				GENERATE_INFOPLIST_FILE = YES;
				INFOPLIST_FILE = "Image Feed/Info.plist";
				INFOPLIST_KEY_UIApplicationSupportsIndirectInputEvents = YES;
				INFOPLIST_KEY_UILaunchStoryboardName = LaunchScreen;
				INFOPLIST_KEY_UIMainStoryboardFile = Main;
				INFOPLIST_KEY_UISupportedInterfaceOrientations = UIInterfaceOrientationPortrait;
				INFOPLIST_KEY_UISupportedInterfaceOrientations_iPad = "UIInterfaceOrientationPortrait UIInterfaceOrientationPortraitUpsideDown UIInterfaceOrientationLandscapeLeft UIInterfaceOrientationLandscapeRight";
				INFOPLIST_KEY_UISupportedInterfaceOrientations_iPhone = UIInterfaceOrientationPortrait;
				LD_RUNPATH_SEARCH_PATHS = (
					"$(inherited)",
					"@executable_path/Frameworks",
				);
				MARKETING_VERSION = 1.0;
				PRODUCT_BUNDLE_IDENTIFIER = "ru.praktikum.Image-Feed";
				PRODUCT_NAME = "$(TARGET_NAME)";
				SWIFT_EMIT_LOC_STRINGS = YES;
				SWIFT_VERSION = 5.0;
				TARGETED_DEVICE_FAMILY = 1;
			};
			name = Debug;
		};
		7D9CFA5528DDEE8000D971A7 /* Release */ = {
			isa = XCBuildConfiguration;
			buildSettings = {
				ASSETCATALOG_COMPILER_APPICON_NAME = AppIcon;
				ASSETCATALOG_COMPILER_GLOBAL_ACCENT_COLOR_NAME = AccentColor;
				CODE_SIGN_STYLE = Automatic;
				CURRENT_PROJECT_VERSION = 1;
				DEVELOPMENT_TEAM = "";
				GENERATE_INFOPLIST_FILE = YES;
				INFOPLIST_FILE = "Image Feed/Info.plist";
				INFOPLIST_KEY_UIApplicationSupportsIndirectInputEvents = YES;
				INFOPLIST_KEY_UILaunchStoryboardName = LaunchScreen;
				INFOPLIST_KEY_UIMainStoryboardFile = Main;
				INFOPLIST_KEY_UISupportedInterfaceOrientations = UIInterfaceOrientationPortrait;
				INFOPLIST_KEY_UISupportedInterfaceOrientations_iPad = "UIInterfaceOrientationPortrait UIInterfaceOrientationPortraitUpsideDown UIInterfaceOrientationLandscapeLeft UIInterfaceOrientationLandscapeRight";
				INFOPLIST_KEY_UISupportedInterfaceOrientations_iPhone = UIInterfaceOrientationPortrait;
				LD_RUNPATH_SEARCH_PATHS = (
					"$(inherited)",
					"@executable_path/Frameworks",
				);
				MARKETING_VERSION = 1.0;
				PRODUCT_BUNDLE_IDENTIFIER = "ru.praktikum.Image-Feed";
				PRODUCT_NAME = "$(TARGET_NAME)";
				SWIFT_EMIT_LOC_STRINGS = YES;
				SWIFT_VERSION = 5.0;
				TARGETED_DEVICE_FAMILY = 1;
			};
			name = Release;
		};
/* End XCBuildConfiguration section */

/* Begin XCConfigurationList section */
		283387622EC5899D00D32FAD /* Build configuration list for PBXNativeTarget "Image FeedTests" */ = {
			isa = XCConfigurationList;
			buildConfigurations = (
				283387632EC5899D00D32FAD /* Debug */,
				283387642EC5899D00D32FAD /* Release */,
			);
			defaultConfigurationIsVisible = 0;
			defaultConfigurationName = Release;
		};
		283387712EC589B000D32FAD /* Build configuration list for PBXNativeTarget "Image FeedUITests" */ = {
			isa = XCConfigurationList;
			buildConfigurations = (
				283387722EC589B000D32FAD /* Debug */,
				283387732EC589B000D32FAD /* Release */,
			);
			defaultConfigurationIsVisible = 0;
			defaultConfigurationName = Release;
		};
		7D9CFA3A28DDEE7F00D971A7 /* Build configuration list for PBXProject "Image Feed" */ = {
			isa = XCConfigurationList;
			buildConfigurations = (
				7D9CFA5128DDEE8000D971A7 /* Debug */,
				7D9CFA5228DDEE8000D971A7 /* Release */,
			);
			defaultConfigurationIsVisible = 0;
			defaultConfigurationName = Release;
		};
		7D9CFA5328DDEE8000D971A7 /* Build configuration list for PBXNativeTarget "Image Feed" */ = {
			isa = XCConfigurationList;
			buildConfigurations = (
				7D9CFA5428DDEE8000D971A7 /* Debug */,
				7D9CFA5528DDEE8000D971A7 /* Release */,
			);
			defaultConfigurationIsVisible = 0;
			defaultConfigurationName = Release;
		};
/* End XCConfigurationList section */

/* Begin XCRemoteSwiftPackageReference section */
		3FBB6025291330EF006CC9D0 /* XCRemoteSwiftPackageReference "ProgressHUD" */ = {
			isa = XCRemoteSwiftPackageReference;
			repositoryURL = "https://github.com/relatedcode/ProgressHUD";
			requirement = {
				kind = exactVersion;
				version = 14.1.1;
			};
		};
		962682082E112E90004626E6 /* XCRemoteSwiftPackageReference "SwiftKeychainWrapper" */ = {
			isa = XCRemoteSwiftPackageReference;
			repositoryURL = "https://github.com/jrendel/SwiftKeychainWrapper";
			requirement = {
				kind = upToNextMajorVersion;
				minimumVersion = 4.0.1;
			};
		};
		96EDB3482E0EA34A00B44E1F /* XCRemoteSwiftPackageReference "Kingfisher" */ = {
			isa = XCRemoteSwiftPackageReference;
			repositoryURL = "https://github.com/onevcat/Kingfisher";
			requirement = {
				kind = upToNextMajorVersion;
				minimumVersion = 8.3.3;
			};
		};
/* End XCRemoteSwiftPackageReference section */

/* Begin XCSwiftPackageProductDependency section */
		3FBB6026291330EF006CC9D0 /* ProgressHUD */ = {
			isa = XCSwiftPackageProductDependency;
			package = 3FBB6025291330EF006CC9D0 /* XCRemoteSwiftPackageReference "ProgressHUD" */;
			productName = ProgressHUD;
		};
		962682092E112E90004626E6 /* SwiftKeychainWrapper */ = {
			isa = XCSwiftPackageProductDependency;
			package = 962682082E112E90004626E6 /* XCRemoteSwiftPackageReference "SwiftKeychainWrapper" */;
			productName = SwiftKeychainWrapper;
		};
		96EDB3492E0EA34A00B44E1F /* Kingfisher */ = {
			isa = XCSwiftPackageProductDependency;
			package = 96EDB3482E0EA34A00B44E1F /* XCRemoteSwiftPackageReference "Kingfisher" */;
			productName = Kingfisher;
		};
/* End XCSwiftPackageProductDependency section */
	};
	rootObject = 7D9CFA3728DDEE7F00D971A7 /* Project object */;
}
